
Microsoft Visual Studio Solution File, Format Version 12.00
# Visual Studio 15
VisualStudioVersion = 15.0.28010.2046
MinimumVisualStudioVersion = 10.0.40219.1
Project("{FAE04EC0-301F-11D3-BF4B-00C04F79EFBC}") = "helloWorld", "helloWorld\helloWorld.csproj", "{94B78EB0-B9CF-49E8-8CE8-619812C32FD1}"
EndProject
Project("{FAE04EC0-301F-11D3-BF4B-00C04F79EFBC}") = "datePicker", "datePicker\datePicker.csproj", "{79D5E712-52FD-497A-AF72-4BC418F2A7A3}"
EndProject
Project("{FAE04EC0-301F-11D3-BF4B-00C04F79EFBC}") = "timePicker", "TimePicker\timePicker.csproj", "{5B2CE1B3-0081-4C50-ACB8-4D4C309C3ED0}"
EndProject
Project("{FAE04EC0-301F-11D3-BF4B-00C04F79EFBC}") = "spinner", "spinner\spinner.csproj", "{5DDF9B04-E52A-49D9-AFDF-11CFF8A4B269}"
EndProject
Project("{FAE04EC0-301F-11D3-BF4B-00C04F79EFBC}") = "gallery", "gallery\gallery.csproj", "{2FCFC762-CE8B-4C17-9A01-BB4AFB0110C8}"
EndProject
Project("{FAE04EC0-301F-11D3-BF4B-00C04F79EFBC}") = "listView", "listView\listView.csproj", "{4DCD2888-14FB-482D-9D3E-7445E952F6AE}"
EndProject
Project("{FAE04EC0-301F-11D3-BF4B-00C04F79EFBC}") = "gridView", "gridView\gridView.csproj", "{D7787066-5765-44B8-A153-1FC3199930D9}"
EndProject
Project("{FAE04EC0-301F-11D3-BF4B-00C04F79EFBC}") = "multi", "multi\multi.csproj", "{B1523FC6-00D5-4EAD-97E5-784A22E7D442}"
EndProject
Project("{FAE04EC0-301F-11D3-BF4B-00C04F79EFBC}") = "multiScreen", "multiScreen\multiScreen.csproj", "{9691AECC-FC3B-43F6-8F4D-F1AFE31D602F}"
EndProject
Global
	GlobalSection(SolutionConfigurationPlatforms) = preSolution
		Debug|Any CPU = Debug|Any CPU
		Release|Any CPU = Release|Any CPU
	EndGlobalSection
	GlobalSection(ProjectConfigurationPlatforms) = postSolution
		{94B78EB0-B9CF-49E8-8CE8-619812C32FD1}.Debug|Any CPU.ActiveCfg = Debug|Any CPU
		{94B78EB0-B9CF-49E8-8CE8-619812C32FD1}.Debug|Any CPU.Build.0 = Debug|Any CPU
		{94B78EB0-B9CF-49E8-8CE8-619812C32FD1}.Debug|Any CPU.Deploy.0 = Debug|Any CPU
		{94B78EB0-B9CF-49E8-8CE8-619812C32FD1}.Release|Any CPU.ActiveCfg = Release|Any CPU
		{94B78EB0-B9CF-49E8-8CE8-619812C32FD1}.Release|Any CPU.Build.0 = Release|Any CPU
		{94B78EB0-B9CF-49E8-8CE8-619812C32FD1}.Release|Any CPU.Deploy.0 = Release|Any CPU
		{79D5E712-52FD-497A-AF72-4BC418F2A7A3}.Debug|Any CPU.ActiveCfg = Debug|Any CPU
		{79D5E712-52FD-497A-AF72-4BC418F2A7A3}.Debug|Any CPU.Build.0 = Debug|Any CPU
		{79D5E712-52FD-497A-AF72-4BC418F2A7A3}.Debug|Any CPU.Deploy.0 = Debug|Any CPU
		{79D5E712-52FD-497A-AF72-4BC418F2A7A3}.Release|Any CPU.ActiveCfg = Release|Any CPU
		{79D5E712-52FD-497A-AF72-4BC418F2A7A3}.Release|Any CPU.Build.0 = Release|Any CPU
		{79D5E712-52FD-497A-AF72-4BC418F2A7A3}.Release|Any CPU.Deploy.0 = Release|Any CPU
		{5B2CE1B3-0081-4C50-ACB8-4D4C309C3ED0}.Debug|Any CPU.ActiveCfg = Debug|Any CPU
		{5B2CE1B3-0081-4C50-ACB8-4D4C309C3ED0}.Debug|Any CPU.Build.0 = Debug|Any CPU
		{5B2CE1B3-0081-4C50-ACB8-4D4C309C3ED0}.Debug|Any CPU.Deploy.0 = Debug|Any CPU
		{5B2CE1B3-0081-4C50-ACB8-4D4C309C3ED0}.Release|Any CPU.ActiveCfg = Release|Any CPU
		{5B2CE1B3-0081-4C50-ACB8-4D4C309C3ED0}.Release|Any CPU.Build.0 = Release|Any CPU
		{5B2CE1B3-0081-4C50-ACB8-4D4C309C3ED0}.Release|Any CPU.Deploy.0 = Release|Any CPU
		{5DDF9B04-E52A-49D9-AFDF-11CFF8A4B269}.Debug|Any CPU.ActiveCfg = Debug|Any CPU
		{5DDF9B04-E52A-49D9-AFDF-11CFF8A4B269}.Debug|Any CPU.Build.0 = Debug|Any CPU
		{5DDF9B04-E52A-49D9-AFDF-11CFF8A4B269}.Debug|Any CPU.Deploy.0 = Debug|Any CPU
		{5DDF9B04-E52A-49D9-AFDF-11CFF8A4B269}.Release|Any CPU.ActiveCfg = Release|Any CPU
		{5DDF9B04-E52A-49D9-AFDF-11CFF8A4B269}.Release|Any CPU.Build.0 = Release|Any CPU
		{5DDF9B04-E52A-49D9-AFDF-11CFF8A4B269}.Release|Any CPU.Deploy.0 = Release|Any CPU
		{2FCFC762-CE8B-4C17-9A01-BB4AFB0110C8}.Debug|Any CPU.ActiveCfg = Debug|Any CPU
		{2FCFC762-CE8B-4C17-9A01-BB4AFB0110C8}.Debug|Any CPU.Build.0 = Debug|Any CPU
		{2FCFC762-CE8B-4C17-9A01-BB4AFB0110C8}.Debug|Any CPU.Deploy.0 = Debug|Any CPU
		{2FCFC762-CE8B-4C17-9A01-BB4AFB0110C8}.Release|Any CPU.ActiveCfg = Release|Any CPU
		{2FCFC762-CE8B-4C17-9A01-BB4AFB0110C8}.Release|Any CPU.Build.0 = Release|Any CPU
		{2FCFC762-CE8B-4C17-9A01-BB4AFB0110C8}.Release|Any CPU.Deploy.0 = Release|Any CPU
		{4DCD2888-14FB-482D-9D3E-7445E952F6AE}.Debug|Any CPU.ActiveCfg = Debug|Any CPU
		{4DCD2888-14FB-482D-9D3E-7445E952F6AE}.Debug|Any CPU.Build.0 = Debug|Any CPU
		{4DCD2888-14FB-482D-9D3E-7445E952F6AE}.Debug|Any CPU.Deploy.0 = Debug|Any CPU
		{4DCD2888-14FB-482D-9D3E-7445E952F6AE}.Release|Any CPU.ActiveCfg = Release|Any CPU
		{4DCD2888-14FB-482D-9D3E-7445E952F6AE}.Release|Any CPU.Build.0 = Release|Any CPU
		{4DCD2888-14FB-482D-9D3E-7445E952F6AE}.Release|Any CPU.Deploy.0 = Release|Any CPU
		{D7787066-5765-44B8-A153-1FC3199930D9}.Debug|Any CPU.ActiveCfg = Debug|Any CPU
		{D7787066-5765-44B8-A153-1FC3199930D9}.Debug|Any CPU.Build.0 = Debug|Any CPU
		{D7787066-5765-44B8-A153-1FC3199930D9}.Debug|Any CPU.Deploy.0 = Debug|Any CPU
		{D7787066-5765-44B8-A153-1FC3199930D9}.Release|Any CPU.ActiveCfg = Release|Any CPU
		{D7787066-5765-44B8-A153-1FC3199930D9}.Release|Any CPU.Build.0 = Release|Any CPU
		{D7787066-5765-44B8-A153-1FC3199930D9}.Release|Any CPU.Deploy.0 = Release|Any CPU
		{B1523FC6-00D5-4EAD-97E5-784A22E7D442}.Debug|Any CPU.ActiveCfg = Debug|Any CPU
		{B1523FC6-00D5-4EAD-97E5-784A22E7D442}.Debug|Any CPU.Build.0 = Debug|Any CPU
		{B1523FC6-00D5-4EAD-97E5-784A22E7D442}.Debug|Any CPU.Deploy.0 = Debug|Any CPU
		{B1523FC6-00D5-4EAD-97E5-784A22E7D442}.Release|Any CPU.ActiveCfg = Release|Any CPU
		{B1523FC6-00D5-4EAD-97E5-784A22E7D442}.Release|Any CPU.Build.0 = Release|Any CPU
		{B1523FC6-00D5-4EAD-97E5-784A22E7D442}.Release|Any CPU.Deploy.0 = Release|Any CPU
		{9691AECC-FC3B-43F6-8F4D-F1AFE31D602F}.Debug|Any CPU.ActiveCfg = Debug|Any CPU
		{9691AECC-FC3B-43F6-8F4D-F1AFE31D602F}.Debug|Any CPU.Build.0 = Debug|Any CPU
		{9691AECC-FC3B-43F6-8F4D-F1AFE31D602F}.Debug|Any CPU.Deploy.0 = Debug|Any CPU
		{9691AECC-FC3B-43F6-8F4D-F1AFE31D602F}.Release|Any CPU.ActiveCfg = Release|Any CPU
		{9691AECC-FC3B-43F6-8F4D-F1AFE31D602F}.Release|Any CPU.Build.0 = Release|Any CPU
		{9691AECC-FC3B-43F6-8F4D-F1AFE31D602F}.Release|Any CPU.Deploy.0 = Release|Any CPU
	EndGlobalSection
	GlobalSection(SolutionProperties) = preSolution
		HideSolutionNode = FALSE
	EndGlobalSection
	GlobalSection(ExtensibilityGlobals) = postSolution
		SolutionGuid = {5090FD75-C01F-4F8E-8EA7-61B59DED382B}
	EndGlobalSection
EndGlobal
